// !$*UTF8*$!
{
	archiveVersion = 1;
	classes = {
	};
	objectVersion = 55;
	objects = {

/* Begin PBXBuildFile section */
		28A4455827F214A600E8EAF2 /* CurrentGuessView.swift in Sources */ = {isa = PBXBuildFile; fileRef = 28A4455727F214A600E8EAF2 /* CurrentGuessView.swift */; };
		28A4455F27F2412B00E8EAF2 /* AnnaiMN.ttf in Resources */ = {isa = PBXBuildFile; fileRef = 28A4455E27F2412B00E8EAF2 /* AnnaiMN.ttf */; };
		28A4456527F24E1D00E8EAF2 /* PreviousGuessesView.swift in Sources */ = {isa = PBXBuildFile; fileRef = 28A4456427F24E1D00E8EAF2 /* PreviousGuessesView.swift */; };
		28A4456927F63BB900E8EAF2 /* ErrorView.swift in Sources */ = {isa = PBXBuildFile; fileRef = 28A4456827F63BB900E8EAF2 /* ErrorView.swift */; };
		28E1C0EB27F0FB3C0030852C /* Crack_The_CodeApp.swift in Sources */ = {isa = PBXBuildFile; fileRef = 28E1C0EA27F0FB3C0030852C /* Crack_The_CodeApp.swift */; };
		28E1C0ED27F0FB3C0030852C /* ContentView.swift in Sources */ = {isa = PBXBuildFile; fileRef = 28E1C0EC27F0FB3C0030852C /* ContentView.swift */; };
		28E1C0EF27F0FB3E0030852C /* Assets.xcassets in Resources */ = {isa = PBXBuildFile; fileRef = 28E1C0EE27F0FB3E0030852C /* Assets.xcassets */; };
		28E1C0F227F0FB3F0030852C /* Preview Assets.xcassets in Resources */ = {isa = PBXBuildFile; fileRef = 28E1C0F127F0FB3F0030852C /* Preview Assets.xcassets */; };
		28E1C0FC27F0FB3F0030852C /* Crack_The_CodeTests.swift in Sources */ = {isa = PBXBuildFile; fileRef = 28E1C0FB27F0FB3F0030852C /* Crack_The_CodeTests.swift */; };
		28E1C10627F0FB3F0030852C /* Crack_The_CodeUITests.swift in Sources */ = {isa = PBXBuildFile; fileRef = 28E1C10527F0FB3F0030852C /* Crack_The_CodeUITests.swift */; };
		28E1C10827F0FB3F0030852C /* Crack_The_CodeUITestsLaunchTests.swift in Sources */ = {isa = PBXBuildFile; fileRef = 28E1C10727F0FB3F0030852C /* Crack_The_CodeUITestsLaunchTests.swift */; };
		28E1C11627F0FFEF0030852C /* GameView.swift in Sources */ = {isa = PBXBuildFile; fileRef = 28E1C11527F0FFEF0030852C /* GameView.swift */; };
		28E1C11927F106310030852C /* Keyboard.swift in Sources */ = {isa = PBXBuildFile; fileRef = 28E1C11827F106310030852C /* Keyboard.swift */; };
		28E1C11B27F106470030852C /* Letter.swift in Sources */ = {isa = PBXBuildFile; fileRef = 28E1C11A27F106470030852C /* Letter.swift */; };
		28E1C11D27F1065C0030852C /* LetterKey.swift in Sources */ = {isa = PBXBuildFile; fileRef = 28E1C11C27F1065C0030852C /* LetterKey.swift */; };
		28E1C11F27F106890030852C /* GameColors.swift in Sources */ = {isa = PBXBuildFile; fileRef = 28E1C11E27F106890030852C /* GameColors.swift */; };
		28E1C12527F11A8F0030852C /* ActionKey.swift in Sources */ = {isa = PBXBuildFile; fileRef = 28E1C12427F11A8F0030852C /* ActionKey.swift */; };
		28E1C12727F11ADA0030852C /* ColorBoard.swift in Sources */ = {isa = PBXBuildFile; fileRef = 28E1C12627F11ADA0030852C /* ColorBoard.swift */; };
		28E1C12E27F18F8F0030852C /* ukenglish.txt in Resources */ = {isa = PBXBuildFile; fileRef = 28E1C12A27F18F8F0030852C /* ukenglish.txt */; };
		28E1C12F27F18F8F0030852C /* words.txt in Resources */ = {isa = PBXBuildFile; fileRef = 28E1C12B27F18F8F0030852C /* words.txt */; };
		28E1C13027F18F8F0030852C /* ukenglishadult in Resources */ = {isa = PBXBuildFile; fileRef = 28E1C12C27F18F8F0030852C /* ukenglishadult */; };
		28E1C13127F18F8F0030852C /* ukenglonglist.txt in Resources */ = {isa = PBXBuildFile; fileRef = 28E1C12D27F18F8F0030852C /* ukenglonglist.txt */; };
		28E1C13327F18FB20030852C /* WordList.swift in Sources */ = {isa = PBXBuildFile; fileRef = 28E1C13227F18FB20030852C /* WordList.swift */; };
		28E1C13827F1DACE0030852C /* Log.swift in Sources */ = {isa = PBXBuildFile; fileRef = 28E1C13727F1DACE0030852C /* Log.swift */; };
		28E1C13A27F1DAE70030852C /* ViewExtension.swift in Sources */ = {isa = PBXBuildFile; fileRef = 28E1C13927F1DAE70030852C /* ViewExtension.swift */; };
		28E1C13C27F1DB040030852C /* StringExtension.swift in Sources */ = {isa = PBXBuildFile; fileRef = 28E1C13B27F1DB040030852C /* StringExtension.swift */; };
		28EEC17D27F7747000628C90 /* ReSwift in Frameworks */ = {isa = PBXBuildFile; productRef = 28EEC17C27F7747000628C90 /* ReSwift */; };
		28EEC18027F7897C00628C90 /* ObservableState.swift in Sources */ = {isa = PBXBuildFile; fileRef = 28EEC17F27F7897C00628C90 /* ObservableState.swift */; };
		28EEC18227F789AF00628C90 /* State.swift in Sources */ = {isa = PBXBuildFile; fileRef = 28EEC18127F789AF00628C90 /* State.swift */; };
		28EEC18427F84FF800628C90 /* TestCorrectLetterCount.swift in Sources */ = {isa = PBXBuildFile; fileRef = 28EEC18327F84FF800628C90 /* TestCorrectLetterCount.swift */; };
		28EEC18627F8508D00628C90 /* calcCorrectLetters.swift in Sources */ = {isa = PBXBuildFile; fileRef = 28EEC18527F8508D00628C90 /* calcCorrectLetters.swift */; };
		28EEC18927F8B01400628C90 /* GameState.swift in Sources */ = {isa = PBXBuildFile; fileRef = 28EEC18827F8B01400628C90 /* GameState.swift */; };
		28EEC18B27F8DEB700628C90 /* GameFont.swift in Sources */ = {isa = PBXBuildFile; fileRef = 28EEC18A27F8DEB700628C90 /* GameFont.swift */; };
		28EEC18D27F8F04600628C90 /* EndGameView.swift in Sources */ = {isa = PBXBuildFile; fileRef = 28EEC18C27F8F04600628C90 /* EndGameView.swift */; };
		28EEC18F27F8F06D00628C90 /* GameStatusView.swift in Sources */ = {isa = PBXBuildFile; fileRef = 28EEC18E27F8F06D00628C90 /* GameStatusView.swift */; };
/* End PBXBuildFile section */

/* Begin PBXContainerItemProxy section */
		28E1C0F827F0FB3F0030852C /* PBXContainerItemProxy */ = {
			isa = PBXContainerItemProxy;
			containerPortal = 28E1C0DF27F0FB3C0030852C /* Project object */;
			proxyType = 1;
			remoteGlobalIDString = 28E1C0E627F0FB3C0030852C;
			remoteInfo = "Crack The Code";
		};
		28E1C10227F0FB3F0030852C /* PBXContainerItemProxy */ = {
			isa = PBXContainerItemProxy;
			containerPortal = 28E1C0DF27F0FB3C0030852C /* Project object */;
			proxyType = 1;
			remoteGlobalIDString = 28E1C0E627F0FB3C0030852C;
			remoteInfo = "Crack The Code";
		};
/* End PBXContainerItemProxy section */

/* Begin PBXFileReference section */
		28A4455727F214A600E8EAF2 /* CurrentGuessView.swift */ = {isa = PBXFileReference; lastKnownFileType = sourcecode.swift; path = CurrentGuessView.swift; sourceTree = "<group>"; };
		28A4455D27F23EFB00E8EAF2 /* Crack-The-Code-Info.plist */ = {isa = PBXFileReference; lastKnownFileType = text.plist; path = "Crack-The-Code-Info.plist"; sourceTree = SOURCE_ROOT; };
		28A4455E27F2412B00E8EAF2 /* AnnaiMN.ttf */ = {isa = PBXFileReference; lastKnownFileType = file; path = AnnaiMN.ttf; sourceTree = "<group>"; };
		28A4456427F24E1D00E8EAF2 /* PreviousGuessesView.swift */ = {isa = PBXFileReference; lastKnownFileType = sourcecode.swift; path = PreviousGuessesView.swift; sourceTree = "<group>"; };
		28A4456827F63BB900E8EAF2 /* ErrorView.swift */ = {isa = PBXFileReference; lastKnownFileType = sourcecode.swift; path = ErrorView.swift; sourceTree = "<group>"; };
		28E1C0E727F0FB3C0030852C /* Crack The Code.app */ = {isa = PBXFileReference; explicitFileType = wrapper.application; includeInIndex = 0; path = "Crack The Code.app"; sourceTree = BUILT_PRODUCTS_DIR; };
		28E1C0EA27F0FB3C0030852C /* Crack_The_CodeApp.swift */ = {isa = PBXFileReference; lastKnownFileType = sourcecode.swift; path = Crack_The_CodeApp.swift; sourceTree = "<group>"; };
		28E1C0EC27F0FB3C0030852C /* ContentView.swift */ = {isa = PBXFileReference; lastKnownFileType = sourcecode.swift; path = ContentView.swift; sourceTree = "<group>"; };
		28E1C0EE27F0FB3E0030852C /* Assets.xcassets */ = {isa = PBXFileReference; lastKnownFileType = folder.assetcatalog; path = Assets.xcassets; sourceTree = "<group>"; };
		28E1C0F127F0FB3F0030852C /* Preview Assets.xcassets */ = {isa = PBXFileReference; lastKnownFileType = folder.assetcatalog; path = "Preview Assets.xcassets"; sourceTree = "<group>"; };
		28E1C0F727F0FB3F0030852C /* Crack The CodeTests.xctest */ = {isa = PBXFileReference; explicitFileType = wrapper.cfbundle; includeInIndex = 0; path = "Crack The CodeTests.xctest"; sourceTree = BUILT_PRODUCTS_DIR; };
		28E1C0FB27F0FB3F0030852C /* Crack_The_CodeTests.swift */ = {isa = PBXFileReference; lastKnownFileType = sourcecode.swift; path = Crack_The_CodeTests.swift; sourceTree = "<group>"; };
		28E1C10127F0FB3F0030852C /* Crack The CodeUITests.xctest */ = {isa = PBXFileReference; explicitFileType = wrapper.cfbundle; includeInIndex = 0; path = "Crack The CodeUITests.xctest"; sourceTree = BUILT_PRODUCTS_DIR; };
		28E1C10527F0FB3F0030852C /* Crack_The_CodeUITests.swift */ = {isa = PBXFileReference; lastKnownFileType = sourcecode.swift; path = Crack_The_CodeUITests.swift; sourceTree = "<group>"; };
		28E1C10727F0FB3F0030852C /* Crack_The_CodeUITestsLaunchTests.swift */ = {isa = PBXFileReference; lastKnownFileType = sourcecode.swift; path = Crack_The_CodeUITestsLaunchTests.swift; sourceTree = "<group>"; };
		28E1C11527F0FFEF0030852C /* GameView.swift */ = {isa = PBXFileReference; lastKnownFileType = sourcecode.swift; path = GameView.swift; sourceTree = "<group>"; };
		28E1C11827F106310030852C /* Keyboard.swift */ = {isa = PBXFileReference; lastKnownFileType = sourcecode.swift; path = Keyboard.swift; sourceTree = "<group>"; };
		28E1C11A27F106470030852C /* Letter.swift */ = {isa = PBXFileReference; lastKnownFileType = sourcecode.swift; path = Letter.swift; sourceTree = "<group>"; };
		28E1C11C27F1065C0030852C /* LetterKey.swift */ = {isa = PBXFileReference; lastKnownFileType = sourcecode.swift; path = LetterKey.swift; sourceTree = "<group>"; };
		28E1C11E27F106890030852C /* GameColors.swift */ = {isa = PBXFileReference; lastKnownFileType = sourcecode.swift; path = GameColors.swift; sourceTree = "<group>"; };
		28E1C12427F11A8F0030852C /* ActionKey.swift */ = {isa = PBXFileReference; lastKnownFileType = sourcecode.swift; path = ActionKey.swift; sourceTree = "<group>"; };
		28E1C12627F11ADA0030852C /* ColorBoard.swift */ = {isa = PBXFileReference; lastKnownFileType = sourcecode.swift; path = ColorBoard.swift; sourceTree = "<group>"; };
		28E1C12A27F18F8F0030852C /* ukenglish.txt */ = {isa = PBXFileReference; fileEncoding = 4; lastKnownFileType = text; path = ukenglish.txt; sourceTree = "<group>"; };
		28E1C12B27F18F8F0030852C /* words.txt */ = {isa = PBXFileReference; fileEncoding = 4; lastKnownFileType = text; path = words.txt; sourceTree = "<group>"; };
		28E1C12C27F18F8F0030852C /* ukenglishadult */ = {isa = PBXFileReference; fileEncoding = 4; lastKnownFileType = text; path = ukenglishadult; sourceTree = "<group>"; };
		28E1C12D27F18F8F0030852C /* ukenglonglist.txt */ = {isa = PBXFileReference; fileEncoding = 4; lastKnownFileType = text; path = ukenglonglist.txt; sourceTree = "<group>"; };
		28E1C13227F18FB20030852C /* WordList.swift */ = {isa = PBXFileReference; lastKnownFileType = sourcecode.swift; path = WordList.swift; sourceTree = "<group>"; };
		28E1C13727F1DACE0030852C /* Log.swift */ = {isa = PBXFileReference; lastKnownFileType = sourcecode.swift; path = Log.swift; sourceTree = "<group>"; };
		28E1C13927F1DAE70030852C /* ViewExtension.swift */ = {isa = PBXFileReference; lastKnownFileType = sourcecode.swift; path = ViewExtension.swift; sourceTree = "<group>"; };
		28E1C13B27F1DB040030852C /* StringExtension.swift */ = {isa = PBXFileReference; lastKnownFileType = sourcecode.swift; path = StringExtension.swift; sourceTree = "<group>"; };
		28EEC17F27F7897C00628C90 /* ObservableState.swift */ = {isa = PBXFileReference; lastKnownFileType = sourcecode.swift; path = ObservableState.swift; sourceTree = "<group>"; };
		28EEC18127F789AF00628C90 /* State.swift */ = {isa = PBXFileReference; lastKnownFileType = sourcecode.swift; path = State.swift; sourceTree = "<group>"; };
		28EEC18327F84FF800628C90 /* TestCorrectLetterCount.swift */ = {isa = PBXFileReference; lastKnownFileType = sourcecode.swift; path = TestCorrectLetterCount.swift; sourceTree = "<group>"; };
		28EEC18527F8508D00628C90 /* calcCorrectLetters.swift */ = {isa = PBXFileReference; lastKnownFileType = sourcecode.swift; path = calcCorrectLetters.swift; sourceTree = "<group>"; };
		28EEC18727F8514D00628C90 /* TestPlan.xctestplan */ = {isa = PBXFileReference; lastKnownFileType = text; path = TestPlan.xctestplan; sourceTree = "<group>"; };
		28EEC18827F8B01400628C90 /* GameState.swift */ = {isa = PBXFileReference; lastKnownFileType = sourcecode.swift; path = GameState.swift; sourceTree = "<group>"; };
		28EEC18A27F8DEB700628C90 /* GameFont.swift */ = {isa = PBXFileReference; lastKnownFileType = sourcecode.swift; path = GameFont.swift; sourceTree = "<group>"; };
		28EEC18C27F8F04600628C90 /* EndGameView.swift */ = {isa = PBXFileReference; lastKnownFileType = sourcecode.swift; path = EndGameView.swift; sourceTree = "<group>"; };
		28EEC18E27F8F06D00628C90 /* GameStatusView.swift */ = {isa = PBXFileReference; lastKnownFileType = sourcecode.swift; path = GameStatusView.swift; sourceTree = "<group>"; };
/* End PBXFileReference section */

/* Begin PBXFrameworksBuildPhase section */
		28E1C0E427F0FB3C0030852C /* Frameworks */ = {
			isa = PBXFrameworksBuildPhase;
			buildActionMask = 2147483647;
			files = (
				28EEC17D27F7747000628C90 /* ReSwift in Frameworks */,
			);
			runOnlyForDeploymentPostprocessing = 0;
		};
		28E1C0F427F0FB3F0030852C /* Frameworks */ = {
			isa = PBXFrameworksBuildPhase;
			buildActionMask = 2147483647;
			files = (
			);
			runOnlyForDeploymentPostprocessing = 0;
		};
		28E1C0FE27F0FB3F0030852C /* Frameworks */ = {
			isa = PBXFrameworksBuildPhase;
			buildActionMask = 2147483647;
			files = (
			);
			runOnlyForDeploymentPostprocessing = 0;
		};
/* End PBXFrameworksBuildPhase section */

/* Begin PBXGroup section */
		28A4455B27F2162E00E8EAF2 /* Guesses */ = {
			isa = PBXGroup;
			children = (
				28A4455727F214A600E8EAF2 /* CurrentGuessView.swift */,
				28A4456427F24E1D00E8EAF2 /* PreviousGuessesView.swift */,
			);
			path = Guesses;
			sourceTree = "<group>";
		};
		28E1C0DE27F0FB3C0030852C = {
			isa = PBXGroup;
			children = (
				28E1C0E927F0FB3C0030852C /* Crack The Code */,
				28E1C0FA27F0FB3F0030852C /* Crack The CodeTests */,
				28E1C10427F0FB3F0030852C /* Crack The CodeUITests */,
				28E1C0E827F0FB3C0030852C /* Products */,
			);
			sourceTree = "<group>";
		};
		28E1C0E827F0FB3C0030852C /* Products */ = {
			isa = PBXGroup;
			children = (
				28E1C0E727F0FB3C0030852C /* Crack The Code.app */,
				28E1C0F727F0FB3F0030852C /* Crack The CodeTests.xctest */,
				28E1C10127F0FB3F0030852C /* Crack The CodeUITests.xctest */,
			);
			name = Products;
			sourceTree = "<group>";
		};
		28E1C0E927F0FB3C0030852C /* Crack The Code */ = {
			isa = PBXGroup;
			children = (
				28EEC17E27F7896200628C90 /* State */,
				28A4455D27F23EFB00E8EAF2 /* Crack-The-Code-Info.plist */,
				28E1C13627F1DAC30030852C /* Utils */,
				28E1C12927F18F640030852C /* Resources */,
				28E1C12827F18EA30030852C /* Data */,
				28E1C11427F0FFDB0030852C /* Views */,
				28E1C0EA27F0FB3C0030852C /* Crack_The_CodeApp.swift */,
				28E1C0EE27F0FB3E0030852C /* Assets.xcassets */,
				28E1C0F027F0FB3F0030852C /* Preview Content */,
			);
			path = "Crack The Code";
			sourceTree = "<group>";
		};
		28E1C0F027F0FB3F0030852C /* Preview Content */ = {
			isa = PBXGroup;
			children = (
				28E1C0F127F0FB3F0030852C /* Preview Assets.xcassets */,
			);
			path = "Preview Content";
			sourceTree = "<group>";
		};
		28E1C0FA27F0FB3F0030852C /* Crack The CodeTests */ = {
			isa = PBXGroup;
			children = (
				28E1C0FB27F0FB3F0030852C /* Crack_The_CodeTests.swift */,
				28EEC18327F84FF800628C90 /* TestCorrectLetterCount.swift */,
				28EEC18727F8514D00628C90 /* TestPlan.xctestplan */,
			);
			path = "Crack The CodeTests";
			sourceTree = "<group>";
		};
		28E1C10427F0FB3F0030852C /* Crack The CodeUITests */ = {
			isa = PBXGroup;
			children = (
				28E1C10527F0FB3F0030852C /* Crack_The_CodeUITests.swift */,
				28E1C10727F0FB3F0030852C /* Crack_The_CodeUITestsLaunchTests.swift */,
			);
			path = "Crack The CodeUITests";
			sourceTree = "<group>";
		};
		28E1C11427F0FFDB0030852C /* Views */ = {
			isa = PBXGroup;
			children = (
				28A4455B27F2162E00E8EAF2 /* Guesses */,
				28E1C11727F1061C0030852C /* Keyboard */,
				28E1C0EC27F0FB3C0030852C /* ContentView.swift */,
				28E1C11527F0FFEF0030852C /* GameView.swift */,
				28E1C11E27F106890030852C /* GameColors.swift */,
				28A4456827F63BB900E8EAF2 /* ErrorView.swift */,
				28EEC18A27F8DEB700628C90 /* GameFont.swift */,
				28EEC18C27F8F04600628C90 /* EndGameView.swift */,
				28EEC18E27F8F06D00628C90 /* GameStatusView.swift */,
			);
			path = Views;
			sourceTree = "<group>";
		};
		28E1C11727F1061C0030852C /* Keyboard */ = {
			isa = PBXGroup;
			children = (
				28E1C11827F106310030852C /* Keyboard.swift */,
				28E1C11A27F106470030852C /* Letter.swift */,
				28E1C11C27F1065C0030852C /* LetterKey.swift */,
				28E1C12427F11A8F0030852C /* ActionKey.swift */,
				28E1C12627F11ADA0030852C /* ColorBoard.swift */,
			);
			path = Keyboard;
			sourceTree = "<group>";
		};
		28E1C12827F18EA30030852C /* Data */ = {
			isa = PBXGroup;
			children = (
				28E1C13227F18FB20030852C /* WordList.swift */,
				28EEC18527F8508D00628C90 /* calcCorrectLetters.swift */,
			);
			path = Data;
			sourceTree = "<group>";
		};
		28E1C12927F18F640030852C /* Resources */ = {
			isa = PBXGroup;
			children = (
				28E1C12A27F18F8F0030852C /* ukenglish.txt */,
				28E1C12C27F18F8F0030852C /* ukenglishadult */,
				28E1C12D27F18F8F0030852C /* ukenglonglist.txt */,
				28E1C12B27F18F8F0030852C /* words.txt */,
				28A4455E27F2412B00E8EAF2 /* AnnaiMN.ttf */,
			);
			path = Resources;
			sourceTree = "<group>";
		};
		28E1C13627F1DAC30030852C /* Utils */ = {
			isa = PBXGroup;
			children = (
				28E1C13727F1DACE0030852C /* Log.swift */,
				28E1C13927F1DAE70030852C /* ViewExtension.swift */,
				28E1C13B27F1DB040030852C /* StringExtension.swift */,
			);
			path = Utils;
			sourceTree = "<group>";
		};
		28EEC17E27F7896200628C90 /* State */ = {
			isa = PBXGroup;
			children = (
				28EEC17F27F7897C00628C90 /* ObservableState.swift */,
				28EEC18127F789AF00628C90 /* State.swift */,
				28EEC18827F8B01400628C90 /* GameState.swift */,
			);
			path = State;
			sourceTree = "<group>";
		};
/* End PBXGroup section */

/* Begin PBXNativeTarget section */
		28E1C0E627F0FB3C0030852C /* Crack The Code */ = {
			isa = PBXNativeTarget;
			buildConfigurationList = 28E1C10B27F0FB3F0030852C /* Build configuration list for PBXNativeTarget "Crack The Code" */;
			buildPhases = (
				28E1C0E327F0FB3C0030852C /* Sources */,
				28E1C0E427F0FB3C0030852C /* Frameworks */,
				28E1C0E527F0FB3C0030852C /* Resources */,
			);
			buildRules = (
			);
			dependencies = (
			);
			name = "Crack The Code";
			packageProductDependencies = (
				28EEC17C27F7747000628C90 /* ReSwift */,
			);
			productName = "Crack The Code";
			productReference = 28E1C0E727F0FB3C0030852C /* Crack The Code.app */;
			productType = "com.apple.product-type.application";
		};
		28E1C0F627F0FB3F0030852C /* Crack The CodeTests */ = {
			isa = PBXNativeTarget;
			buildConfigurationList = 28E1C10E27F0FB3F0030852C /* Build configuration list for PBXNativeTarget "Crack The CodeTests" */;
			buildPhases = (
				28E1C0F327F0FB3F0030852C /* Sources */,
				28E1C0F427F0FB3F0030852C /* Frameworks */,
				28E1C0F527F0FB3F0030852C /* Resources */,
			);
			buildRules = (
			);
			dependencies = (
				28E1C0F927F0FB3F0030852C /* PBXTargetDependency */,
			);
			name = "Crack The CodeTests";
			productName = "Crack The CodeTests";
			productReference = 28E1C0F727F0FB3F0030852C /* Crack The CodeTests.xctest */;
			productType = "com.apple.product-type.bundle.unit-test";
		};
		28E1C10027F0FB3F0030852C /* Crack The CodeUITests */ = {
			isa = PBXNativeTarget;
			buildConfigurationList = 28E1C11127F0FB3F0030852C /* Build configuration list for PBXNativeTarget "Crack The CodeUITests" */;
			buildPhases = (
				28E1C0FD27F0FB3F0030852C /* Sources */,
				28E1C0FE27F0FB3F0030852C /* Frameworks */,
				28E1C0FF27F0FB3F0030852C /* Resources */,
			);
			buildRules = (
			);
			dependencies = (
				28E1C10327F0FB3F0030852C /* PBXTargetDependency */,
			);
			name = "Crack The CodeUITests";
			productName = "Crack The CodeUITests";
			productReference = 28E1C10127F0FB3F0030852C /* Crack The CodeUITests.xctest */;
			productType = "com.apple.product-type.bundle.ui-testing";
		};
/* End PBXNativeTarget section */

/* Begin PBXProject section */
		28E1C0DF27F0FB3C0030852C /* Project object */ = {
			isa = PBXProject;
			attributes = {
				BuildIndependentTargetsInParallel = 1;
				LastSwiftUpdateCheck = 1330;
				LastUpgradeCheck = 1330;
				TargetAttributes = {
					28E1C0E627F0FB3C0030852C = {
						CreatedOnToolsVersion = 13.3;
					};
					28E1C0F627F0FB3F0030852C = {
						CreatedOnToolsVersion = 13.3;
						TestTargetID = 28E1C0E627F0FB3C0030852C;
					};
					28E1C10027F0FB3F0030852C = {
						CreatedOnToolsVersion = 13.3;
						TestTargetID = 28E1C0E627F0FB3C0030852C;
					};
				};
			};
			buildConfigurationList = 28E1C0E227F0FB3C0030852C /* Build configuration list for PBXProject "Crack The Code" */;
			compatibilityVersion = "Xcode 13.0";
			developmentRegion = en;
			hasScannedForEncodings = 0;
			knownRegions = (
				en,
				Base,
			);
			mainGroup = 28E1C0DE27F0FB3C0030852C;
			packageReferences = (
				28EEC17B27F7747000628C90 /* XCRemoteSwiftPackageReference "ReSwift" */,
			);
			productRefGroup = 28E1C0E827F0FB3C0030852C /* Products */;
			projectDirPath = "";
			projectRoot = "";
			targets = (
				28E1C0E627F0FB3C0030852C /* Crack The Code */,
				28E1C0F627F0FB3F0030852C /* Crack The CodeTests */,
				28E1C10027F0FB3F0030852C /* Crack The CodeUITests */,
			);
		};
/* End PBXProject section */

/* Begin PBXResourcesBuildPhase section */
		28E1C0E527F0FB3C0030852C /* Resources */ = {
			isa = PBXResourcesBuildPhase;
			buildActionMask = 2147483647;
			files = (
				28E1C12E27F18F8F0030852C /* ukenglish.txt in Resources */,
				28E1C0F227F0FB3F0030852C /* Preview Assets.xcassets in Resources */,
				28E1C13027F18F8F0030852C /* ukenglishadult in Resources */,
				28E1C13127F18F8F0030852C /* ukenglonglist.txt in Resources */,
				28E1C12F27F18F8F0030852C /* words.txt in Resources */,
				28A4455F27F2412B00E8EAF2 /* AnnaiMN.ttf in Resources */,
				28E1C0EF27F0FB3E0030852C /* Assets.xcassets in Resources */,
			);
			runOnlyForDeploymentPostprocessing = 0;
		};
		28E1C0F527F0FB3F0030852C /* Resources */ = {
			isa = PBXResourcesBuildPhase;
			buildActionMask = 2147483647;
			files = (
			);
			runOnlyForDeploymentPostprocessing = 0;
		};
		28E1C0FF27F0FB3F0030852C /* Resources */ = {
			isa = PBXResourcesBuildPhase;
			buildActionMask = 2147483647;
			files = (
			);
			runOnlyForDeploymentPostprocessing = 0;
		};
/* End PBXResourcesBuildPhase section */

/* Begin PBXSourcesBuildPhase section */
		28E1C0E327F0FB3C0030852C /* Sources */ = {
			isa = PBXSourcesBuildPhase;
			buildActionMask = 2147483647;
			files = (
				28EEC18627F8508D00628C90 /* calcCorrectLetters.swift in Sources */,
				28EEC18B27F8DEB700628C90 /* GameFont.swift in Sources */,
				28EEC18D27F8F04600628C90 /* EndGameView.swift in Sources */,
				28E1C0ED27F0FB3C0030852C /* ContentView.swift in Sources */,
				28E1C12727F11ADA0030852C /* ColorBoard.swift in Sources */,
				28E1C13827F1DACE0030852C /* Log.swift in Sources */,
				28EEC18227F789AF00628C90 /* State.swift in Sources */,
				28E1C12527F11A8F0030852C /* ActionKey.swift in Sources */,
				28EEC18F27F8F06D00628C90 /* GameStatusView.swift in Sources */,
				28EEC18027F7897C00628C90 /* ObservableState.swift in Sources */,
				28E1C11627F0FFEF0030852C /* GameView.swift in Sources */,
				28E1C11F27F106890030852C /* GameColors.swift in Sources */,
				28A4455827F214A600E8EAF2 /* CurrentGuessView.swift in Sources */,
				28E1C11B27F106470030852C /* Letter.swift in Sources */,
				28E1C11D27F1065C0030852C /* LetterKey.swift in Sources */,
				28E1C13C27F1DB040030852C /* StringExtension.swift in Sources */,
				28A4456527F24E1D00E8EAF2 /* PreviousGuessesView.swift in Sources */,
				28E1C11927F106310030852C /* Keyboard.swift in Sources */,
				28A4456927F63BB900E8EAF2 /* ErrorView.swift in Sources */,
				28E1C0EB27F0FB3C0030852C /* Crack_The_CodeApp.swift in Sources */,
				28EEC18927F8B01400628C90 /* GameState.swift in Sources */,
				28E1C13327F18FB20030852C /* WordList.swift in Sources */,
				28E1C13A27F1DAE70030852C /* ViewExtension.swift in Sources */,
			);
			runOnlyForDeploymentPostprocessing = 0;
		};
		28E1C0F327F0FB3F0030852C /* Sources */ = {
			isa = PBXSourcesBuildPhase;
			buildActionMask = 2147483647;
			files = (
				28EEC18427F84FF800628C90 /* TestCorrectLetterCount.swift in Sources */,
				28E1C0FC27F0FB3F0030852C /* Crack_The_CodeTests.swift in Sources */,
			);
			runOnlyForDeploymentPostprocessing = 0;
		};
		28E1C0FD27F0FB3F0030852C /* Sources */ = {
			isa = PBXSourcesBuildPhase;
			buildActionMask = 2147483647;
			files = (
				28E1C10827F0FB3F0030852C /* Crack_The_CodeUITestsLaunchTests.swift in Sources */,
				28E1C10627F0FB3F0030852C /* Crack_The_CodeUITests.swift in Sources */,
			);
			runOnlyForDeploymentPostprocessing = 0;
		};
/* End PBXSourcesBuildPhase section */

/* Begin PBXTargetDependency section */
		28E1C0F927F0FB3F0030852C /* PBXTargetDependency */ = {
			isa = PBXTargetDependency;
			target = 28E1C0E627F0FB3C0030852C /* Crack The Code */;
			targetProxy = 28E1C0F827F0FB3F0030852C /* PBXContainerItemProxy */;
		};
		28E1C10327F0FB3F0030852C /* PBXTargetDependency */ = {
			isa = PBXTargetDependency;
			target = 28E1C0E627F0FB3C0030852C /* Crack The Code */;
			targetProxy = 28E1C10227F0FB3F0030852C /* PBXContainerItemProxy */;
		};
/* End PBXTargetDependency section */

/* Begin XCBuildConfiguration section */
		28E1C10927F0FB3F0030852C /* Debug */ = {
			isa = XCBuildConfiguration;
			buildSettings = {
				ALWAYS_SEARCH_USER_PATHS = NO;
				CLANG_ANALYZER_NONNULL = YES;
				CLANG_ANALYZER_NUMBER_OBJECT_CONVERSION = YES_AGGRESSIVE;
				CLANG_CXX_LANGUAGE_STANDARD = "gnu++17";
				CLANG_ENABLE_MODULES = YES;
				CLANG_ENABLE_OBJC_ARC = YES;
				CLANG_ENABLE_OBJC_WEAK = YES;
				CLANG_WARN_BLOCK_CAPTURE_AUTORELEASING = YES;
				CLANG_WARN_BOOL_CONVERSION = YES;
				CLANG_WARN_COMMA = YES;
				CLANG_WARN_CONSTANT_CONVERSION = YES;
				CLANG_WARN_DEPRECATED_OBJC_IMPLEMENTATIONS = YES;
				CLANG_WARN_DIRECT_OBJC_ISA_USAGE = YES_ERROR;
				CLANG_WARN_DOCUMENTATION_COMMENTS = YES;
				CLANG_WARN_EMPTY_BODY = YES;
				CLANG_WARN_ENUM_CONVERSION = YES;
				CLANG_WARN_INFINITE_RECURSION = YES;
				CLANG_WARN_INT_CONVERSION = YES;
				CLANG_WARN_NON_LITERAL_NULL_CONVERSION = YES;
				CLANG_WARN_OBJC_IMPLICIT_RETAIN_SELF = YES;
				CLANG_WARN_OBJC_LITERAL_CONVERSION = YES;
				CLANG_WARN_OBJC_ROOT_CLASS = YES_ERROR;
				CLANG_WARN_QUOTED_INCLUDE_IN_FRAMEWORK_HEADER = YES;
				CLANG_WARN_RANGE_LOOP_ANALYSIS = YES;
				CLANG_WARN_STRICT_PROTOTYPES = YES;
				CLANG_WARN_SUSPICIOUS_MOVE = YES;
				CLANG_WARN_UNGUARDED_AVAILABILITY = YES_AGGRESSIVE;
				CLANG_WARN_UNREACHABLE_CODE = YES;
				CLANG_WARN__DUPLICATE_METHOD_MATCH = YES;
				COPY_PHASE_STRIP = NO;
				DEBUG_INFORMATION_FORMAT = dwarf;
				ENABLE_STRICT_OBJC_MSGSEND = YES;
				ENABLE_TESTABILITY = YES;
				GCC_C_LANGUAGE_STANDARD = gnu11;
				GCC_DYNAMIC_NO_PIC = NO;
				GCC_NO_COMMON_BLOCKS = YES;
				GCC_OPTIMIZATION_LEVEL = 0;
				GCC_PREPROCESSOR_DEFINITIONS = (
					"DEBUG=1",
					"$(inherited)",
				);
				GCC_WARN_64_TO_32_BIT_CONVERSION = YES;
				GCC_WARN_ABOUT_RETURN_TYPE = YES_ERROR;
				GCC_WARN_UNDECLARED_SELECTOR = YES;
				GCC_WARN_UNINITIALIZED_AUTOS = YES_AGGRESSIVE;
				GCC_WARN_UNUSED_FUNCTION = YES;
				GCC_WARN_UNUSED_VARIABLE = YES;
				IPHONEOS_DEPLOYMENT_TARGET = 15.4;
				MTL_ENABLE_DEBUG_INFO = INCLUDE_SOURCE;
				MTL_FAST_MATH = YES;
				ONLY_ACTIVE_ARCH = YES;
				SDKROOT = iphoneos;
				SWIFT_ACTIVE_COMPILATION_CONDITIONS = DEBUG;
				SWIFT_OPTIMIZATION_LEVEL = "-Onone";
			};
			name = Debug;
		};
		28E1C10A27F0FB3F0030852C /* Release */ = {
			isa = XCBuildConfiguration;
			buildSettings = {
				ALWAYS_SEARCH_USER_PATHS = NO;
				CLANG_ANALYZER_NONNULL = YES;
				CLANG_ANALYZER_NUMBER_OBJECT_CONVERSION = YES_AGGRESSIVE;
				CLANG_CXX_LANGUAGE_STANDARD = "gnu++17";
				CLANG_ENABLE_MODULES = YES;
				CLANG_ENABLE_OBJC_ARC = YES;
				CLANG_ENABLE_OBJC_WEAK = YES;
				CLANG_WARN_BLOCK_CAPTURE_AUTORELEASING = YES;
				CLANG_WARN_BOOL_CONVERSION = YES;
				CLANG_WARN_COMMA = YES;
				CLANG_WARN_CONSTANT_CONVERSION = YES;
				CLANG_WARN_DEPRECATED_OBJC_IMPLEMENTATIONS = YES;
				CLANG_WARN_DIRECT_OBJC_ISA_USAGE = YES_ERROR;
				CLANG_WARN_DOCUMENTATION_COMMENTS = YES;
				CLANG_WARN_EMPTY_BODY = YES;
				CLANG_WARN_ENUM_CONVERSION = YES;
				CLANG_WARN_INFINITE_RECURSION = YES;
				CLANG_WARN_INT_CONVERSION = YES;
				CLANG_WARN_NON_LITERAL_NULL_CONVERSION = YES;
				CLANG_WARN_OBJC_IMPLICIT_RETAIN_SELF = YES;
				CLANG_WARN_OBJC_LITERAL_CONVERSION = YES;
				CLANG_WARN_OBJC_ROOT_CLASS = YES_ERROR;
				CLANG_WARN_QUOTED_INCLUDE_IN_FRAMEWORK_HEADER = YES;
				CLANG_WARN_RANGE_LOOP_ANALYSIS = YES;
				CLANG_WARN_STRICT_PROTOTYPES = YES;
				CLANG_WARN_SUSPICIOUS_MOVE = YES;
				CLANG_WARN_UNGUARDED_AVAILABILITY = YES_AGGRESSIVE;
				CLANG_WARN_UNREACHABLE_CODE = YES;
				CLANG_WARN__DUPLICATE_METHOD_MATCH = YES;
				COPY_PHASE_STRIP = NO;
				DEBUG_INFORMATION_FORMAT = "dwarf-with-dsym";
				ENABLE_NS_ASSERTIONS = NO;
				ENABLE_STRICT_OBJC_MSGSEND = YES;
				GCC_C_LANGUAGE_STANDARD = gnu11;
				GCC_NO_COMMON_BLOCKS = YES;
				GCC_WARN_64_TO_32_BIT_CONVERSION = YES;
				GCC_WARN_ABOUT_RETURN_TYPE = YES_ERROR;
				GCC_WARN_UNDECLARED_SELECTOR = YES;
				GCC_WARN_UNINITIALIZED_AUTOS = YES_AGGRESSIVE;
				GCC_WARN_UNUSED_FUNCTION = YES;
				GCC_WARN_UNUSED_VARIABLE = YES;
				IPHONEOS_DEPLOYMENT_TARGET = 15.4;
				MTL_ENABLE_DEBUG_INFO = NO;
				MTL_FAST_MATH = YES;
				SDKROOT = iphoneos;
				SWIFT_COMPILATION_MODE = wholemodule;
				SWIFT_OPTIMIZATION_LEVEL = "-O";
				VALIDATE_PRODUCT = YES;
			};
			name = Release;
		};
		28E1C10C27F0FB3F0030852C /* Debug */ = {
			isa = XCBuildConfiguration;
			buildSettings = {
				ASSETCATALOG_COMPILER_APPICON_NAME = AppIcon;
				ASSETCATALOG_COMPILER_GLOBAL_ACCENT_COLOR_NAME = AccentColor;
				CODE_SIGN_STYLE = Automatic;
				CURRENT_PROJECT_VERSION = 1;
				DEVELOPMENT_ASSET_PATHS = "\"Crack The Code/Preview Content\"";
				DEVELOPMENT_TEAM = 94QXMD3DVD;
				ENABLE_PREVIEWS = YES;
				GENERATE_INFOPLIST_FILE = YES;
				INFOPLIST_FILE = "Crack-The-Code-Info.plist";
				INFOPLIST_KEY_LSApplicationCategoryType = "";
				INFOPLIST_KEY_UIApplicationSceneManifest_Generation = YES;
				INFOPLIST_KEY_UIApplicationSupportsIndirectInputEvents = YES;
				INFOPLIST_KEY_UILaunchScreen_Generation = YES;
				INFOPLIST_KEY_UISupportedInterfaceOrientations_iPad = "UIInterfaceOrientationPortrait UIInterfaceOrientationPortraitUpsideDown UIInterfaceOrientationLandscapeLeft UIInterfaceOrientationLandscapeRight";
				INFOPLIST_KEY_UISupportedInterfaceOrientations_iPhone = "UIInterfaceOrientationPortrait UIInterfaceOrientationLandscapeLeft UIInterfaceOrientationLandscapeRight";
				LD_RUNPATH_SEARCH_PATHS = (
					"$(inherited)",
					"@executable_path/Frameworks",
				);
				MARKETING_VERSION = 1.0;
				PRODUCT_BUNDLE_IDENTIFIER = "com.funkysymbol.Crack-The-Code";
				PRODUCT_NAME = "$(TARGET_NAME)";
				SWIFT_EMIT_LOC_STRINGS = YES;
				SWIFT_VERSION = 5.0;
				TARGETED_DEVICE_FAMILY = "1,2";
			};
			name = Debug;
		};
		28E1C10D27F0FB3F0030852C /* Release */ = {
			isa = XCBuildConfiguration;
			buildSettings = {
				ASSETCATALOG_COMPILER_APPICON_NAME = AppIcon;
				ASSETCATALOG_COMPILER_GLOBAL_ACCENT_COLOR_NAME = AccentColor;
				CODE_SIGN_STYLE = Automatic;
				CURRENT_PROJECT_VERSION = 1;
				DEVELOPMENT_ASSET_PATHS = "\"Crack The Code/Preview Content\"";
				DEVELOPMENT_TEAM = 94QXMD3DVD;
				ENABLE_PREVIEWS = YES;
				GENERATE_INFOPLIST_FILE = YES;
				INFOPLIST_FILE = "Crack-The-Code-Info.plist";
				INFOPLIST_KEY_LSApplicationCategoryType = "";
				INFOPLIST_KEY_UIApplicationSceneManifest_Generation = YES;
				INFOPLIST_KEY_UIApplicationSupportsIndirectInputEvents = YES;
				INFOPLIST_KEY_UILaunchScreen_Generation = YES;
				INFOPLIST_KEY_UISupportedInterfaceOrientations_iPad = "UIInterfaceOrientationPortrait UIInterfaceOrientationPortraitUpsideDown UIInterfaceOrientationLandscapeLeft UIInterfaceOrientationLandscapeRight";
				INFOPLIST_KEY_UISupportedInterfaceOrientations_iPhone = "UIInterfaceOrientationPortrait UIInterfaceOrientationLandscapeLeft UIInterfaceOrientationLandscapeRight";
				LD_RUNPATH_SEARCH_PATHS = (
					"$(inherited)",
					"@executable_path/Frameworks",
				);
				MARKETING_VERSION = 1.0;
				PRODUCT_BUNDLE_IDENTIFIER = "com.funkysymbol.Crack-The-Code";
				PRODUCT_NAME = "$(TARGET_NAME)";
				SWIFT_EMIT_LOC_STRINGS = YES;
				SWIFT_VERSION = 5.0;
				TARGETED_DEVICE_FAMILY = "1,2";
			};
			name = Release;
		};
		28E1C10F27F0FB3F0030852C /* Debug */ = {
			isa = XCBuildConfiguration;
			buildSettings = {
				ALWAYS_EMBED_SWIFT_STANDARD_LIBRARIES = YES;
				BUNDLE_LOADER = "$(TEST_HOST)";
				CODE_SIGN_STYLE = Automatic;
				CURRENT_PROJECT_VERSION = 1;
				DEVELOPMENT_TEAM = 94QXMD3DVD;
				GENERATE_INFOPLIST_FILE = YES;
				IPHONEOS_DEPLOYMENT_TARGET = 15.4;
				MARKETING_VERSION = 1.0;
				PRODUCT_BUNDLE_IDENTIFIER = "com.funkysymbol.Crack-The-CodeTests";
				PRODUCT_NAME = "$(TARGET_NAME)";
				SWIFT_EMIT_LOC_STRINGS = NO;
				SWIFT_VERSION = 5.0;
				TARGETED_DEVICE_FAMILY = "1,2";
				TEST_HOST = "$(BUILT_PRODUCTS_DIR)/Crack The Code.app/Crack The Code";
			};
			name = Debug;
		};
		28E1C11027F0FB3F0030852C /* Release */ = {
			isa = XCBuildConfiguration;
			buildSettings = {
				ALWAYS_EMBED_SWIFT_STANDARD_LIBRARIES = YES;
				BUNDLE_LOADER = "$(TEST_HOST)";
				CODE_SIGN_STYLE = Automatic;
				CURRENT_PROJECT_VERSION = 1;
				DEVELOPMENT_TEAM = 94QXMD3DVD;
				GENERATE_INFOPLIST_FILE = YES;
				IPHONEOS_DEPLOYMENT_TARGET = 15.4;
				MARKETING_VERSION = 1.0;
				PRODUCT_BUNDLE_IDENTIFIER = "com.funkysymbol.Crack-The-CodeTests";
				PRODUCT_NAME = "$(TARGET_NAME)";
				SWIFT_EMIT_LOC_STRINGS = NO;
				SWIFT_VERSION = 5.0;
				TARGETED_DEVICE_FAMILY = "1,2";
				TEST_HOST = "$(BUILT_PRODUCTS_DIR)/Crack The Code.app/Crack The Code";
			};
			name = Release;
		};
		28E1C11227F0FB3F0030852C /* Debug */ = {
			isa = XCBuildConfiguration;
			buildSettings = {
				ALWAYS_EMBED_SWIFT_STANDARD_LIBRARIES = YES;
				CODE_SIGN_STYLE = Automatic;
				CURRENT_PROJECT_VERSION = 1;
				DEVELOPMENT_TEAM = 94QXMD3DVD;
				GENERATE_INFOPLIST_FILE = YES;
				MARKETING_VERSION = 1.0;
				PRODUCT_BUNDLE_IDENTIFIER = "com.funkysymbol.Crack-The-CodeUITests";
				PRODUCT_NAME = "$(TARGET_NAME)";
				SWIFT_EMIT_LOC_STRINGS = NO;
				SWIFT_VERSION = 5.0;
				TARGETED_DEVICE_FAMILY = "1,2";
				TEST_TARGET_NAME = "Crack The Code";
			};
			name = Debug;
		};
		28E1C11327F0FB3F0030852C /* Release */ = {
			isa = XCBuildConfiguration;
			buildSettings = {
				ALWAYS_EMBED_SWIFT_STANDARD_LIBRARIES = YES;
				CODE_SIGN_STYLE = Automatic;
				CURRENT_PROJECT_VERSION = 1;
				DEVELOPMENT_TEAM = 94QXMD3DVD;
				GENERATE_INFOPLIST_FILE = YES;
				MARKETING_VERSION = 1.0;
				PRODUCT_BUNDLE_IDENTIFIER = "com.funkysymbol.Crack-The-CodeUITests";
				PRODUCT_NAME = "$(TARGET_NAME)";
				SWIFT_EMIT_LOC_STRINGS = NO;
				SWIFT_VERSION = 5.0;
				TARGETED_DEVICE_FAMILY = "1,2";
				TEST_TARGET_NAME = "Crack The Code";
			};
			name = Release;
		};
/* End XCBuildConfiguration section */

/* Begin XCConfigurationList section */
		28E1C0E227F0FB3C0030852C /* Build configuration list for PBXProject "Crack The Code" */ = {
			isa = XCConfigurationList;
			buildConfigurations = (
				28E1C10927F0FB3F0030852C /* Debug */,
				28E1C10A27F0FB3F0030852C /* Release */,
			);
			defaultConfigurationIsVisible = 0;
			defaultConfigurationName = Release;
		};
		28E1C10B27F0FB3F0030852C /* Build configuration list for PBXNativeTarget "Crack The Code" */ = {
			isa = XCConfigurationList;
			buildConfigurations = (
				28E1C10C27F0FB3F0030852C /* Debug */,
				28E1C10D27F0FB3F0030852C /* Release */,
			);
			defaultConfigurationIsVisible = 0;
			defaultConfigurationName = Release;
		};
		28E1C10E27F0FB3F0030852C /* Build configuration list for PBXNativeTarget "Crack The CodeTests" */ = {
			isa = XCConfigurationList;
			buildConfigurations = (
				28E1C10F27F0FB3F0030852C /* Debug */,
				28E1C11027F0FB3F0030852C /* Release */,
			);
			defaultConfigurationIsVisible = 0;
			defaultConfigurationName = Release;
		};
		28E1C11127F0FB3F0030852C /* Build configuration list for PBXNativeTarget "Crack The CodeUITests" */ = {
			isa = XCConfigurationList;
			buildConfigurations = (
				28E1C11227F0FB3F0030852C /* Debug */,
				28E1C11327F0FB3F0030852C /* Release */,
			);
			defaultConfigurationIsVisible = 0;
			defaultConfigurationName = Release;
		};
/* End XCConfigurationList section */

/* Begin XCRemoteSwiftPackageReference section */
		28EEC17B27F7747000628C90 /* XCRemoteSwiftPackageReference "ReSwift" */ = {
			isa = XCRemoteSwiftPackageReference;
			repositoryURL = "https://github.com/ReSwift/ReSwift.git";
			requirement = {
				kind = upToNextMajorVersion;
				minimumVersion = 6.0.0;
			};
		};
/* End XCRemoteSwiftPackageReference section */

/* Begin XCSwiftPackageProductDependency section */
		28EEC17C27F7747000628C90 /* ReSwift */ = {
			isa = XCSwiftPackageProductDependency;
			package = 28EEC17B27F7747000628C90 /* XCRemoteSwiftPackageReference "ReSwift" */;
			productName = ReSwift;
		};
/* End XCSwiftPackageProductDependency section */
	};
	rootObject = 28E1C0DF27F0FB3C0030852C /* Project object */;
}
