// !$*UTF8*$!
{
	archiveVersion = 1;
	classes = {
	};
	objectVersion = 55;
	objects = {

/* Begin PBXBuildFile section */
		28E1C0EB27F0FB3C0030852C /* Crack_The_CodeApp.swift in Sources */ = {isa = PBXBuildFile; fileRef = 28E1C0EA27F0FB3C0030852C /* Crack_The_CodeApp.swift */; };
		28E1C0ED27F0FB3C0030852C /* ContentView.swift in Sources */ = {isa = PBXBuildFile; fileRef = 28E1C0EC27F0FB3C0030852C /* ContentView.swift */; };
		28E1C0EF27F0FB3E0030852C /* Assets.xcassets in Resources */ = {isa = PBXBuildFile; fileRef = 28E1C0EE27F0FB3E0030852C /* Assets.xcassets */; };
		28E1C0F227F0FB3F0030852C /* Preview Assets.xcassets in Resources */ = {isa = PBXBuildFile; fileRef = 28E1C0F127F0FB3F0030852C /* Preview Assets.xcassets */; };
		28E1C0FC27F0FB3F0030852C /* Crack_The_CodeTests.swift in Sources */ = {isa = PBXBuildFile; fileRef = 28E1C0FB27F0FB3F0030852C /* Crack_The_CodeTests.swift */; };
		28E1C10627F0FB3F0030852C /* Crack_The_CodeUITests.swift in Sources */ = {isa = PBXBuildFile; fileRef = 28E1C10527F0FB3F0030852C /* Crack_The_CodeUITests.swift */; };
		28E1C10827F0FB3F0030852C /* Crack_The_CodeUITestsLaunchTests.swift in Sources */ = {isa = PBXBuildFile; fileRef = 28E1C10727F0FB3F0030852C /* Crack_The_CodeUITestsLaunchTests.swift */; };
/* End PBXBuildFile section */

/* Begin PBXContainerItemProxy section */
		28E1C0F827F0FB3F0030852C /* PBXContainerItemProxy */ = {
			isa = PBXContainerItemProxy;
			containerPortal = 28E1C0DF27F0FB3C0030852C /* Project object */;
			proxyType = 1;
			remoteGlobalIDString = 28E1C0E627F0FB3C0030852C;
			remoteInfo = "Crack The Code";
		};
		28E1C10227F0FB3F0030852C /* PBXContainerItemProxy */ = {
			isa = PBXContainerItemProxy;
			containerPortal = 28E1C0DF27F0FB3C0030852C /* Project object */;
			proxyType = 1;
			remoteGlobalIDString = 28E1C0E627F0FB3C0030852C;
			remoteInfo = "Crack The Code";
		};
/* End PBXContainerItemProxy section */

/* Begin PBXFileReference section */
		28E1C0E727F0FB3C0030852C /* Crack The Code.app */ = {isa = PBXFileReference; explicitFileType = wrapper.application; includeInIndex = 0; path = "Crack The Code.app"; sourceTree = BUILT_PRODUCTS_DIR; };
		28E1C0EA27F0FB3C0030852C /* Crack_The_CodeApp.swift */ = {isa = PBXFileReference; lastKnownFileType = sourcecode.swift; path = Crack_The_CodeApp.swift; sourceTree = "<group>"; };
		28E1C0EC27F0FB3C0030852C /* ContentView.swift */ = {isa = PBXFileReference; lastKnownFileType = sourcecode.swift; path = ContentView.swift; sourceTree = "<group>"; };
		28E1C0EE27F0FB3E0030852C /* Assets.xcassets */ = {isa = PBXFileReference; lastKnownFileType = folder.assetcatalog; path = Assets.xcassets; sourceTree = "<group>"; };
		28E1C0F127F0FB3F0030852C /* Preview Assets.xcassets */ = {isa = PBXFileReference; lastKnownFileType = folder.assetcatalog; path = "Preview Assets.xcassets"; sourceTree = "<group>"; };
		28E1C0F727F0FB3F0030852C /* Crack The CodeTests.xctest */ = {isa = PBXFileReference; explicitFileType = wrapper.cfbundle; includeInIndex = 0; path = "Crack The CodeTests.xctest"; sourceTree = BUILT_PRODUCTS_DIR; };
		28E1C0FB27F0FB3F0030852C /* Crack_The_CodeTests.swift */ = {isa = PBXFileReference; lastKnownFileType = sourcecode.swift; path = Crack_The_CodeTests.swift; sourceTree = "<group>"; };
		28E1C10127F0FB3F0030852C /* Crack The CodeUITests.xctest */ = {isa = PBXFileReference; explicitFileType = wrapper.cfbundle; includeInIndex = 0; path = "Crack The CodeUITests.xctest"; sourceTree = BUILT_PRODUCTS_DIR; };
		28E1C10527F0FB3F0030852C /* Crack_The_CodeUITests.swift */ = {isa = PBXFileReference; lastKnownFileType = sourcecode.swift; path = Crack_The_CodeUITests.swift; sourceTree = "<group>"; };
		28E1C10727F0FB3F0030852C /* Crack_The_CodeUITestsLaunchTests.swift */ = {isa = PBXFileReference; lastKnownFileType = sourcecode.swift; path = Crack_The_CodeUITestsLaunchTests.swift; sourceTree = "<group>"; };
/* End PBXFileReference section */

/* Begin PBXFrameworksBuildPhase section */
		28E1C0E427F0FB3C0030852C /* Frameworks */ = {
			isa = PBXFrameworksBuildPhase;
			buildActionMask = 2147483647;
			files = (
			);
			runOnlyForDeploymentPostprocessing = 0;
		};
		28E1C0F427F0FB3F0030852C /* Frameworks */ = {
			isa = PBXFrameworksBuildPhase;
			buildActionMask = 2147483647;
			files = (
			);
			runOnlyForDeploymentPostprocessing = 0;
		};
		28E1C0FE27F0FB3F0030852C /* Frameworks */ = {
			isa = PBXFrameworksBuildPhase;
			buildActionMask = 2147483647;
			files = (
			);
			runOnlyForDeploymentPostprocessing = 0;
		};
/* End PBXFrameworksBuildPhase section */

/* Begin PBXGroup section */
		28E1C0DE27F0FB3C0030852C = {
			isa = PBXGroup;
			children = (
				28E1C0E927F0FB3C0030852C /* Crack The Code */,
				28E1C0FA27F0FB3F0030852C /* Crack The CodeTests */,
				28E1C10427F0FB3F0030852C /* Crack The CodeUITests */,
				28E1C0E827F0FB3C0030852C /* Products */,
			);
			sourceTree = "<group>";
		};
		28E1C0E827F0FB3C0030852C /* Products */ = {
			isa = PBXGroup;
			children = (
				28E1C0E727F0FB3C0030852C /* Crack The Code.app */,
				28E1C0F727F0FB3F0030852C /* Crack The CodeTests.xctest */,
				28E1C10127F0FB3F0030852C /* Crack The CodeUITests.xctest */,
			);
			name = Products;
			sourceTree = "<group>";
		};
		28E1C0E927F0FB3C0030852C /* Crack The Code */ = {
			isa = PBXGroup;
			children = (
				28E1C0EA27F0FB3C0030852C /* Crack_The_CodeApp.swift */,
				28E1C0EC27F0FB3C0030852C /* ContentView.swift */,
				28E1C0EE27F0FB3E0030852C /* Assets.xcassets */,
				28E1C0F027F0FB3F0030852C /* Preview Content */,
			);
			path = "Crack The Code";
			sourceTree = "<group>";
		};
		28E1C0F027F0FB3F0030852C /* Preview Content */ = {
			isa = PBXGroup;
			children = (
				28E1C0F127F0FB3F0030852C /* Preview Assets.xcassets */,
			);
			path = "Preview Content";
			sourceTree = "<group>";
		};
		28E1C0FA27F0FB3F0030852C /* Crack The CodeTests */ = {
			isa = PBXGroup;
			children = (
				28E1C0FB27F0FB3F0030852C /* Crack_The_CodeTests.swift */,
			);
			path = "Crack The CodeTests";
			sourceTree = "<group>";
		};
		28E1C10427F0FB3F0030852C /* Crack The CodeUITests */ = {
			isa = PBXGroup;
			children = (
				28E1C10527F0FB3F0030852C /* Crack_The_CodeUITests.swift */,
				28E1C10727F0FB3F0030852C /* Crack_The_CodeUITestsLaunchTests.swift */,
			);
			path = "Crack The CodeUITests";
			sourceTree = "<group>";
		};
/* End PBXGroup section */

/* Begin PBXNativeTarget section */
		28E1C0E627F0FB3C0030852C /* Crack The Code */ = {
			isa = PBXNativeTarget;
			buildConfigurationList = 28E1C10B27F0FB3F0030852C /* Build configuration list for PBXNativeTarget "Crack The Code" */;
			buildPhases = (
				28E1C0E327F0FB3C0030852C /* Sources */,
				28E1C0E427F0FB3C0030852C /* Frameworks */,
				28E1C0E527F0FB3C0030852C /* Resources */,
			);
			buildRules = (
			);
			dependencies = (
			);
			name = "Crack The Code";
			productName = "Crack The Code";
			productReference = 28E1C0E727F0FB3C0030852C /* Crack The Code.app */;
			productType = "com.apple.product-type.application";
		};
		28E1C0F627F0FB3F0030852C /* Crack The CodeTests */ = {
			isa = PBXNativeTarget;
			buildConfigurationList = 28E1C10E27F0FB3F0030852C /* Build configuration list for PBXNativeTarget "Crack The CodeTests" */;
			buildPhases = (
				28E1C0F327F0FB3F0030852C /* Sources */,
				28E1C0F427F0FB3F0030852C /* Frameworks */,
				28E1C0F527F0FB3F0030852C /* Resources */,
			);
			buildRules = (
			);
			dependencies = (
				28E1C0F927F0FB3F0030852C /* PBXTargetDependency */,
			);
			name = "Crack The CodeTests";
			productName = "Crack The CodeTests";
			productReference = 28E1C0F727F0FB3F0030852C /* Crack The CodeTests.xctest */;
			productType = "com.apple.product-type.bundle.unit-test";
		};
		28E1C10027F0FB3F0030852C /* Crack The CodeUITests */ = {
			isa = PBXNativeTarget;
			buildConfigurationList = 28E1C11127F0FB3F0030852C /* Build configuration list for PBXNativeTarget "Crack The CodeUITests" */;
			buildPhases = (
				28E1C0FD27F0FB3F0030852C /* Sources */,
				28E1C0FE27F0FB3F0030852C /* Frameworks */,
				28E1C0FF27F0FB3F0030852C /* Resources */,
			);
			buildRules = (
			);
			dependencies = (
				28E1C10327F0FB3F0030852C /* PBXTargetDependency */,
			);
			name = "Crack The CodeUITests";
			productName = "Crack The CodeUITests";
			productReference = 28E1C10127F0FB3F0030852C /* Crack The CodeUITests.xctest */;
			productType = "com.apple.product-type.bundle.ui-testing";
		};
/* End PBXNativeTarget section */

/* Begin PBXProject section */
		28E1C0DF27F0FB3C0030852C /* Project object */ = {
			isa = PBXProject;
			attributes = {
				BuildIndependentTargetsInParallel = 1;
				LastSwiftUpdateCheck = 1330;
				LastUpgradeCheck = 1330;
				TargetAttributes = {
					28E1C0E627F0FB3C0030852C = {
						CreatedOnToolsVersion = 13.3;
					};
					28E1C0F627F0FB3F0030852C = {
						CreatedOnToolsVersion = 13.3;
						TestTargetID = 28E1C0E627F0FB3C0030852C;
					};
					28E1C10027F0FB3F0030852C = {
						CreatedOnToolsVersion = 13.3;
						TestTargetID = 28E1C0E627F0FB3C0030852C;
					};
				};
			};
			buildConfigurationList = 28E1C0E227F0FB3C0030852C /* Build configuration list for PBXProject "Crack The Code" */;
			compatibilityVersion = "Xcode 13.0";
			developmentRegion = en;
			hasScannedForEncodings = 0;
			knownRegions = (
				en,
				Base,
			);
			mainGroup = 28E1C0DE27F0FB3C0030852C;
			productRefGroup = 28E1C0E827F0FB3C0030852C /* Products */;
			projectDirPath = "";
			projectRoot = "";
			targets = (
				28E1C0E627F0FB3C0030852C /* Crack The Code */,
				28E1C0F627F0FB3F0030852C /* Crack The CodeTests */,
				28E1C10027F0FB3F0030852C /* Crack The CodeUITests */,
			);
		};
/* End PBXProject section */

/* Begin PBXResourcesBuildPhase section */
		28E1C0E527F0FB3C0030852C /* Resources */ = {
			isa = PBXResourcesBuildPhase;
			buildActionMask = 2147483647;
			files = (
				28E1C0F227F0FB3F0030852C /* Preview Assets.xcassets in Resources */,
				28E1C0EF27F0FB3E0030852C /* Assets.xcassets in Resources */,
			);
			runOnlyForDeploymentPostprocessing = 0;
		};
		28E1C0F527F0FB3F0030852C /* Resources */ = {
			isa = PBXResourcesBuildPhase;
			buildActionMask = 2147483647;
			files = (
			);
			runOnlyForDeploymentPostprocessing = 0;
		};
		28E1C0FF27F0FB3F0030852C /* Resources */ = {
			isa = PBXResourcesBuildPhase;
			buildActionMask = 2147483647;
			files = (
			);
			runOnlyForDeploymentPostprocessing = 0;
		};
/* End PBXResourcesBuildPhase section */

/* Begin PBXSourcesBuildPhase section */
		28E1C0E327F0FB3C0030852C /* Sources */ = {
			isa = PBXSourcesBuildPhase;
			buildActionMask = 2147483647;
			files = (
				28E1C0ED27F0FB3C0030852C /* ContentView.swift in Sources */,
				28E1C0EB27F0FB3C0030852C /* Crack_The_CodeApp.swift in Sources */,
			);
			runOnlyForDeploymentPostprocessing = 0;
		};
		28E1C0F327F0FB3F0030852C /* Sources */ = {
			isa = PBXSourcesBuildPhase;
			buildActionMask = 2147483647;
			files = (
				28E1C0FC27F0FB3F0030852C /* Crack_The_CodeTests.swift in Sources */,
			);
			runOnlyForDeploymentPostprocessing = 0;
		};
		28E1C0FD27F0FB3F0030852C /* Sources */ = {
			isa = PBXSourcesBuildPhase;
			buildActionMask = 2147483647;
			files = (
				28E1C10827F0FB3F0030852C /* Crack_The_CodeUITestsLaunchTests.swift in Sources */,
				28E1C10627F0FB3F0030852C /* Crack_The_CodeUITests.swift in Sources */,
			);
			runOnlyForDeploymentPostprocessing = 0;
		};
/* End PBXSourcesBuildPhase section */

/* Begin PBXTargetDependency section */
		28E1C0F927F0FB3F0030852C /* PBXTargetDependency */ = {
			isa = PBXTargetDependency;
			target = 28E1C0E627F0FB3C0030852C /* Crack The Code */;
			targetProxy = 28E1C0F827F0FB3F0030852C /* PBXContainerItemProxy */;
		};
		28E1C10327F0FB3F0030852C /* PBXTargetDependency */ = {
			isa = PBXTargetDependency;
			target = 28E1C0E627F0FB3C0030852C /* Crack The Code */;
			targetProxy = 28E1C10227F0FB3F0030852C /* PBXContainerItemProxy */;
		};
/* End PBXTargetDependency section */

/* Begin XCBuildConfiguration section */
		28E1C10927F0FB3F0030852C /* Debug */ = {
			isa = XCBuildConfiguration;
			buildSettings = {
				ALWAYS_SEARCH_USER_PATHS = NO;
				CLANG_ANALYZER_NONNULL = YES;
				CLANG_ANALYZER_NUMBER_OBJECT_CONVERSION = YES_AGGRESSIVE;
				CLANG_CXX_LANGUAGE_STANDARD = "gnu++17";
				CLANG_ENABLE_MODULES = YES;
				CLANG_ENABLE_OBJC_ARC = YES;
				CLANG_ENABLE_OBJC_WEAK = YES;
				CLANG_WARN_BLOCK_CAPTURE_AUTORELEASING = YES;
				CLANG_WARN_BOOL_CONVERSION = YES;
				CLANG_WARN_COMMA = YES;
				CLANG_WARN_CONSTANT_CONVERSION = YES;
				CLANG_WARN_DEPRECATED_OBJC_IMPLEMENTATIONS = YES;
				CLANG_WARN_DIRECT_OBJC_ISA_USAGE = YES_ERROR;
				CLANG_WARN_DOCUMENTATION_COMMENTS = YES;
				CLANG_WARN_EMPTY_BODY = YES;
				CLANG_WARN_ENUM_CONVERSION = YES;
				CLANG_WARN_INFINITE_RECURSION = YES;
				CLANG_WARN_INT_CONVERSION = YES;
				CLANG_WARN_NON_LITERAL_NULL_CONVERSION = YES;
				CLANG_WARN_OBJC_IMPLICIT_RETAIN_SELF = YES;
				CLANG_WARN_OBJC_LITERAL_CONVERSION = YES;
				CLANG_WARN_OBJC_ROOT_CLASS = YES_ERROR;
				CLANG_WARN_QUOTED_INCLUDE_IN_FRAMEWORK_HEADER = YES;
				CLANG_WARN_RANGE_LOOP_ANALYSIS = YES;
				CLANG_WARN_STRICT_PROTOTYPES = YES;
				CLANG_WARN_SUSPICIOUS_MOVE = YES;
				CLANG_WARN_UNGUARDED_AVAILABILITY = YES_AGGRESSIVE;
				CLANG_WARN_UNREACHABLE_CODE = YES;
				CLANG_WARN__DUPLICATE_METHOD_MATCH = YES;
				COPY_PHASE_STRIP = NO;
				DEBUG_INFORMATION_FORMAT = dwarf;
				ENABLE_STRICT_OBJC_MSGSEND = YES;
				ENABLE_TESTABILITY = YES;
				GCC_C_LANGUAGE_STANDARD = gnu11;
				GCC_DYNAMIC_NO_PIC = NO;
				GCC_NO_COMMON_BLOCKS = YES;
				GCC_OPTIMIZATION_LEVEL = 0;
				GCC_PREPROCESSOR_DEFINITIONS = (
					"DEBUG=1",
					"$(inherited)",
				);
				GCC_WARN_64_TO_32_BIT_CONVERSION = YES;
				GCC_WARN_ABOUT_RETURN_TYPE = YES_ERROR;
				GCC_WARN_UNDECLARED_SELECTOR = YES;
				GCC_WARN_UNINITIALIZED_AUTOS = YES_AGGRESSIVE;
				GCC_WARN_UNUSED_FUNCTION = YES;
				GCC_WARN_UNUSED_VARIABLE = YES;
				IPHONEOS_DEPLOYMENT_TARGET = 15.4;
				MTL_ENABLE_DEBUG_INFO = INCLUDE_SOURCE;
				MTL_FAST_MATH = YES;
				ONLY_ACTIVE_ARCH = YES;
				SDKROOT = iphoneos;
				SWIFT_ACTIVE_COMPILATION_CONDITIONS = DEBUG;
				SWIFT_OPTIMIZATION_LEVEL = "-Onone";
			};
			name = Debug;
		};
		28E1C10A27F0FB3F0030852C /* Release */ = {
			isa = XCBuildConfiguration;
			buildSettings = {
				ALWAYS_SEARCH_USER_PATHS = NO;
				CLANG_ANALYZER_NONNULL = YES;
				CLANG_ANALYZER_NUMBER_OBJECT_CONVERSION = YES_AGGRESSIVE;
				CLANG_CXX_LANGUAGE_STANDARD = "gnu++17";
				CLANG_ENABLE_MODULES = YES;
				CLANG_ENABLE_OBJC_ARC = YES;
				CLANG_ENABLE_OBJC_WEAK = YES;
				CLANG_WARN_BLOCK_CAPTURE_AUTORELEASING = YES;
				CLANG_WARN_BOOL_CONVERSION = YES;
				CLANG_WARN_COMMA = YES;
				CLANG_WARN_CONSTANT_CONVERSION = YES;
				CLANG_WARN_DEPRECATED_OBJC_IMPLEMENTATIONS = YES;
				CLANG_WARN_DIRECT_OBJC_ISA_USAGE = YES_ERROR;
				CLANG_WARN_DOCUMENTATION_COMMENTS = YES;
				CLANG_WARN_EMPTY_BODY = YES;
				CLANG_WARN_ENUM_CONVERSION = YES;
				CLANG_WARN_INFINITE_RECURSION = YES;
				CLANG_WARN_INT_CONVERSION = YES;
				CLANG_WARN_NON_LITERAL_NULL_CONVERSION = YES;
				CLANG_WARN_OBJC_IMPLICIT_RETAIN_SELF = YES;
				CLANG_WARN_OBJC_LITERAL_CONVERSION = YES;
				CLANG_WARN_OBJC_ROOT_CLASS = YES_ERROR;
				CLANG_WARN_QUOTED_INCLUDE_IN_FRAMEWORK_HEADER = YES;
				CLANG_WARN_RANGE_LOOP_ANALYSIS = YES;
				CLANG_WARN_STRICT_PROTOTYPES = YES;
				CLANG_WARN_SUSPICIOUS_MOVE = YES;
				CLANG_WARN_UNGUARDED_AVAILABILITY = YES_AGGRESSIVE;
				CLANG_WARN_UNREACHABLE_CODE = YES;
				CLANG_WARN__DUPLICATE_METHOD_MATCH = YES;
				COPY_PHASE_STRIP = NO;
				DEBUG_INFORMATION_FORMAT = "dwarf-with-dsym";
				ENABLE_NS_ASSERTIONS = NO;
				ENABLE_STRICT_OBJC_MSGSEND = YES;
				GCC_C_LANGUAGE_STANDARD = gnu11;
				GCC_NO_COMMON_BLOCKS = YES;
				GCC_WARN_64_TO_32_BIT_CONVERSION = YES;
				GCC_WARN_ABOUT_RETURN_TYPE = YES_ERROR;
				GCC_WARN_UNDECLARED_SELECTOR = YES;
				GCC_WARN_UNINITIALIZED_AUTOS = YES_AGGRESSIVE;
				GCC_WARN_UNUSED_FUNCTION = YES;
				GCC_WARN_UNUSED_VARIABLE = YES;
				IPHONEOS_DEPLOYMENT_TARGET = 15.4;
				MTL_ENABLE_DEBUG_INFO = NO;
				MTL_FAST_MATH = YES;
				SDKROOT = iphoneos;
				SWIFT_COMPILATION_MODE = wholemodule;
				SWIFT_OPTIMIZATION_LEVEL = "-O";
				VALIDATE_PRODUCT = YES;
			};
			name = Release;
		};
		28E1C10C27F0FB3F0030852C /* Debug */ = {
			isa = XCBuildConfiguration;
			buildSettings = {
				ASSETCATALOG_COMPILER_APPICON_NAME = AppIcon;
				ASSETCATALOG_COMPILER_GLOBAL_ACCENT_COLOR_NAME = AccentColor;
				CODE_SIGN_STYLE = Automatic;
				CURRENT_PROJECT_VERSION = 1;
				DEVELOPMENT_ASSET_PATHS = "\"Crack The Code/Preview Content\"";
				DEVELOPMENT_TEAM = 94QXMD3DVD;
				ENABLE_PREVIEWS = YES;
				GENERATE_INFOPLIST_FILE = YES;
				INFOPLIST_KEY_UIApplicationSceneManifest_Generation = YES;
				INFOPLIST_KEY_UIApplicationSupportsIndirectInputEvents = YES;
				INFOPLIST_KEY_UILaunchScreen_Generation = YES;
				INFOPLIST_KEY_UISupportedInterfaceOrientations_iPad = "UIInterfaceOrientationPortrait UIInterfaceOrientationPortraitUpsideDown UIInterfaceOrientationLandscapeLeft UIInterfaceOrientationLandscapeRight";
				INFOPLIST_KEY_UISupportedInterfaceOrientations_iPhone = "UIInterfaceOrientationPortrait UIInterfaceOrientationLandscapeLeft UIInterfaceOrientationLandscapeRight";
				LD_RUNPATH_SEARCH_PATHS = (
					"$(inherited)",
					"@executable_path/Frameworks",
				);
				MARKETING_VERSION = 1.0;
				PRODUCT_BUNDLE_IDENTIFIER = "com.funkysymbol.Crack-The-Code";
				PRODUCT_NAME = "$(TARGET_NAME)";
				SWIFT_EMIT_LOC_STRINGS = YES;
				SWIFT_VERSION = 5.0;
				TARGETED_DEVICE_FAMILY = "1,2";
			};
			name = Debug;
		};
		28E1C10D27F0FB3F0030852C /* Release */ = {
			isa = XCBuildConfiguration;
			buildSettings = {
				ASSETCATALOG_COMPILER_APPICON_NAME = AppIcon;
				ASSETCATALOG_COMPILER_GLOBAL_ACCENT_COLOR_NAME = AccentColor;
				CODE_SIGN_STYLE = Automatic;
				CURRENT_PROJECT_VERSION = 1;
				DEVELOPMENT_ASSET_PATHS = "\"Crack The Code/Preview Content\"";
				DEVELOPMENT_TEAM = 94QXMD3DVD;
				ENABLE_PREVIEWS = YES;
				GENERATE_INFOPLIST_FILE = YES;
				INFOPLIST_KEY_UIApplicationSceneManifest_Generation = YES;
				INFOPLIST_KEY_UIApplicationSupportsIndirectInputEvents = YES;
				INFOPLIST_KEY_UILaunchScreen_Generation = YES;
				INFOPLIST_KEY_UISupportedInterfaceOrientations_iPad = "UIInterfaceOrientationPortrait UIInterfaceOrientationPortraitUpsideDown UIInterfaceOrientationLandscapeLeft UIInterfaceOrientationLandscapeRight";
				INFOPLIST_KEY_UISupportedInterfaceOrientations_iPhone = "UIInterfaceOrientationPortrait UIInterfaceOrientationLandscapeLeft UIInterfaceOrientationLandscapeRight";
				LD_RUNPATH_SEARCH_PATHS = (
					"$(inherited)",
					"@executable_path/Frameworks",
				);
				MARKETING_VERSION = 1.0;
				PRODUCT_BUNDLE_IDENTIFIER = "com.funkysymbol.Crack-The-Code";
				PRODUCT_NAME = "$(TARGET_NAME)";
				SWIFT_EMIT_LOC_STRINGS = YES;
				SWIFT_VERSION = 5.0;
				TARGETED_DEVICE_FAMILY = "1,2";
			};
			name = Release;
		};
		28E1C10F27F0FB3F0030852C /* Debug */ = {
			isa = XCBuildConfiguration;
			buildSettings = {
				ALWAYS_EMBED_SWIFT_STANDARD_LIBRARIES = YES;
				BUNDLE_LOADER = "$(TEST_HOST)";
				CODE_SIGN_STYLE = Automatic;
				CURRENT_PROJECT_VERSION = 1;
				DEVELOPMENT_TEAM = 94QXMD3DVD;
				GENERATE_INFOPLIST_FILE = YES;
				IPHONEOS_DEPLOYMENT_TARGET = 15.4;
				MARKETING_VERSION = 1.0;
				PRODUCT_BUNDLE_IDENTIFIER = "com.funkysymbol.Crack-The-CodeTests";
				PRODUCT_NAME = "$(TARGET_NAME)";
				SWIFT_EMIT_LOC_STRINGS = NO;
				SWIFT_VERSION = 5.0;
				TARGETED_DEVICE_FAMILY = "1,2";
				TEST_HOST = "$(BUILT_PRODUCTS_DIR)/Crack The Code.app/Crack The Code";
			};
			name = Debug;
		};
		28E1C11027F0FB3F0030852C /* Release */ = {
			isa = XCBuildConfiguration;
			buildSettings = {
				ALWAYS_EMBED_SWIFT_STANDARD_LIBRARIES = YES;
				BUNDLE_LOADER = "$(TEST_HOST)";
				CODE_SIGN_STYLE = Automatic;
				CURRENT_PROJECT_VERSION = 1;
				DEVELOPMENT_TEAM = 94QXMD3DVD;
				GENERATE_INFOPLIST_FILE = YES;
				IPHONEOS_DEPLOYMENT_TARGET = 15.4;
				MARKETING_VERSION = 1.0;
				PRODUCT_BUNDLE_IDENTIFIER = "com.funkysymbol.Crack-The-CodeTests";
				PRODUCT_NAME = "$(TARGET_NAME)";
				SWIFT_EMIT_LOC_STRINGS = NO;
				SWIFT_VERSION = 5.0;
				TARGETED_DEVICE_FAMILY = "1,2";
				TEST_HOST = "$(BUILT_PRODUCTS_DIR)/Crack The Code.app/Crack The Code";
			};
			name = Release;
		};
		28E1C11227F0FB3F0030852C /* Debug */ = {
			isa = XCBuildConfiguration;
			buildSettings = {
				ALWAYS_EMBED_SWIFT_STANDARD_LIBRARIES = YES;
				CODE_SIGN_STYLE = Automatic;
				CURRENT_PROJECT_VERSION = 1;
				DEVELOPMENT_TEAM = 94QXMD3DVD;
				GENERATE_INFOPLIST_FILE = YES;
				MARKETING_VERSION = 1.0;
				PRODUCT_BUNDLE_IDENTIFIER = "com.funkysymbol.Crack-The-CodeUITests";
				PRODUCT_NAME = "$(TARGET_NAME)";
				SWIFT_EMIT_LOC_STRINGS = NO;
				SWIFT_VERSION = 5.0;
				TARGETED_DEVICE_FAMILY = "1,2";
				TEST_TARGET_NAME = "Crack The Code";
			};
			name = Debug;
		};
		28E1C11327F0FB3F0030852C /* Release */ = {
			isa = XCBuildConfiguration;
			buildSettings = {
				ALWAYS_EMBED_SWIFT_STANDARD_LIBRARIES = YES;
				CODE_SIGN_STYLE = Automatic;
				CURRENT_PROJECT_VERSION = 1;
				DEVELOPMENT_TEAM = 94QXMD3DVD;
				GENERATE_INFOPLIST_FILE = YES;
				MARKETING_VERSION = 1.0;
				PRODUCT_BUNDLE_IDENTIFIER = "com.funkysymbol.Crack-The-CodeUITests";
				PRODUCT_NAME = "$(TARGET_NAME)";
				SWIFT_EMIT_LOC_STRINGS = NO;
				SWIFT_VERSION = 5.0;
				TARGETED_DEVICE_FAMILY = "1,2";
				TEST_TARGET_NAME = "Crack The Code";
			};
			name = Release;
		};
/* End XCBuildConfiguration section */

/* Begin XCConfigurationList section */
		28E1C0E227F0FB3C0030852C /* Build configuration list for PBXProject "Crack The Code" */ = {
			isa = XCConfigurationList;
			buildConfigurations = (
				28E1C10927F0FB3F0030852C /* Debug */,
				28E1C10A27F0FB3F0030852C /* Release */,
			);
			defaultConfigurationIsVisible = 0;
			defaultConfigurationName = Release;
		};
		28E1C10B27F0FB3F0030852C /* Build configuration list for PBXNativeTarget "Crack The Code" */ = {
			isa = XCConfigurationList;
			buildConfigurations = (
				28E1C10C27F0FB3F0030852C /* Debug */,
				28E1C10D27F0FB3F0030852C /* Release */,
			);
			defaultConfigurationIsVisible = 0;
			defaultConfigurationName = Release;
		};
		28E1C10E27F0FB3F0030852C /* Build configuration list for PBXNativeTarget "Crack The CodeTests" */ = {
			isa = XCConfigurationList;
			buildConfigurations = (
				28E1C10F27F0FB3F0030852C /* Debug */,
				28E1C11027F0FB3F0030852C /* Release */,
			);
			defaultConfigurationIsVisible = 0;
			defaultConfigurationName = Release;
		};
		28E1C11127F0FB3F0030852C /* Build configuration list for PBXNativeTarget "Crack The CodeUITests" */ = {
			isa = XCConfigurationList;
			buildConfigurations = (
				28E1C11227F0FB3F0030852C /* Debug */,
				28E1C11327F0FB3F0030852C /* Release */,
			);
			defaultConfigurationIsVisible = 0;
			defaultConfigurationName = Release;
		};
/* End XCConfigurationList section */
	};
	rootObject = 28E1C0DF27F0FB3C0030852C /* Project object */;
}
